
Microsoft Visual Studio Solution File, Format Version 12.00
# Visual Studio 15
VisualStudioVersion = 15.0.26124.0
MinimumVisualStudioVersion = 15.0.26124.0
Project("{2150E333-8FDC-42A3-9474-1A3956D46DE8}") = "src", "src", "{341DEFA8-3AD2-4C1D-8267-E5A1204D10CC}"
EndProject
Project("{FAE04EC0-301F-11D3-BF4B-00C04F79EFBC}") = "Warden.Watchers.Disk", "src\Warden.Watchers.Disk\Warden.Watchers.Disk.csproj", "{05EFE30B-7ECA-48CF-8A00-525D0BFB0995}"
EndProject
Project("{2150E333-8FDC-42A3-9474-1A3956D46DE8}") = "tests", "tests", "{F9318DDB-E385-4F62-8180-361679EA004B}"
EndProject
Project("{FAE04EC0-301F-11D3-BF4B-00C04F79EFBC}") = "Warden.Watchers.Disk.Tests", "tests\Warden.Watchers.Disk.Tests\Warden.Watchers.Disk.Tests.csproj", "{F1FC8120-131D-4161-BAF0-E4F63B902500}"
EndProject
Global
	GlobalSection(SolutionConfigurationPlatforms) = preSolution
		Debug|Any CPU = Debug|Any CPU
		Debug|x64 = Debug|x64
		Debug|x86 = Debug|x86
		Release|Any CPU = Release|Any CPU
		Release|x64 = Release|x64
		Release|x86 = Release|x86
	EndGlobalSection
	GlobalSection(SolutionProperties) = preSolution
		HideSolutionNode = FALSE
	EndGlobalSection
	GlobalSection(ProjectConfigurationPlatforms) = postSolution
		{05EFE30B-7ECA-48CF-8A00-525D0BFB0995}.Debug|Any CPU.ActiveCfg = Debug|Any CPU
		{05EFE30B-7ECA-48CF-8A00-525D0BFB0995}.Debug|Any CPU.Build.0 = Debug|Any CPU
		{05EFE30B-7ECA-48CF-8A00-525D0BFB0995}.Debug|x64.ActiveCfg = Debug|x64
		{05EFE30B-7ECA-48CF-8A00-525D0BFB0995}.Debug|x64.Build.0 = Debug|x64
		{05EFE30B-7ECA-48CF-8A00-525D0BFB0995}.Debug|x86.ActiveCfg = Debug|x86
		{05EFE30B-7ECA-48CF-8A00-525D0BFB0995}.Debug|x86.Build.0 = Debug|x86
		{05EFE30B-7ECA-48CF-8A00-525D0BFB0995}.Release|Any CPU.ActiveCfg = Release|Any CPU
		{05EFE30B-7ECA-48CF-8A00-525D0BFB0995}.Release|Any CPU.Build.0 = Release|Any CPU
		{05EFE30B-7ECA-48CF-8A00-525D0BFB0995}.Release|x64.ActiveCfg = Release|x64
		{05EFE30B-7ECA-48CF-8A00-525D0BFB0995}.Release|x64.Build.0 = Release|x64
		{05EFE30B-7ECA-48CF-8A00-525D0BFB0995}.Release|x86.ActiveCfg = Release|x86
		{05EFE30B-7ECA-48CF-8A00-525D0BFB0995}.Release|x86.Build.0 = Release|x86
		{F1FC8120-131D-4161-BAF0-E4F63B902500}.Debug|Any CPU.ActiveCfg = Debug|Any CPU
		{F1FC8120-131D-4161-BAF0-E4F63B902500}.Debug|Any CPU.Build.0 = Debug|Any CPU
		{F1FC8120-131D-4161-BAF0-E4F63B902500}.Debug|x64.ActiveCfg = Debug|x64
		{F1FC8120-131D-4161-BAF0-E4F63B902500}.Debug|x64.Build.0 = Debug|x64
		{F1FC8120-131D-4161-BAF0-E4F63B902500}.Debug|x86.ActiveCfg = Debug|x86
		{F1FC8120-131D-4161-BAF0-E4F63B902500}.Debug|x86.Build.0 = Debug|x86
		{F1FC8120-131D-4161-BAF0-E4F63B902500}.Release|Any CPU.ActiveCfg = Release|Any CPU
		{F1FC8120-131D-4161-BAF0-E4F63B902500}.Release|Any CPU.Build.0 = Release|Any CPU
		{F1FC8120-131D-4161-BAF0-E4F63B902500}.Release|x64.ActiveCfg = Release|x64
		{F1FC8120-131D-4161-BAF0-E4F63B902500}.Release|x64.Build.0 = Release|x64
		{F1FC8120-131D-4161-BAF0-E4F63B902500}.Release|x86.ActiveCfg = Release|x86
		{F1FC8120-131D-4161-BAF0-E4F63B902500}.Release|x86.Build.0 = Release|x86
	EndGlobalSection
	GlobalSection(NestedProjects) = preSolution
		{05EFE30B-7ECA-48CF-8A00-525D0BFB0995} = {341DEFA8-3AD2-4C1D-8267-E5A1204D10CC}
		{F1FC8120-131D-4161-BAF0-E4F63B902500} = {F9318DDB-E385-4F62-8180-361679EA004B}
	EndGlobalSection
EndGlobal
